
Microsoft Visual Studio Solution File, Format Version 12.00
# Visual Studio Version 17
VisualStudioVersion = 17.4.33122.133
MinimumVisualStudioVersion = 10.0.40219.1
Project("{9A19103F-16F7-4668-BE54-9A1E7A4F7556}") = "BlazorApp", "BlazorApp.csproj", "{0DBFB32A-E2B6-4035-97AD-7A89ABED03FF}"
EndProject
Global
	GlobalSection(SolutionConfigurationPlatforms) = preSolution
		Debug|Any CPU = Debug|Any CPU
		Release|Any CPU = Release|Any CPU
	EndGlobalSection
	GlobalSection(ProjectConfigurationPlatforms) = postSolution
		{0DBFB32A-E2B6-4035-97AD-7A89ABED03FF}.Debug|Any CPU.ActiveCfg = Debug|Any CPU
		{0DBFB32A-E2B6-4035-97AD-7A89ABED03FF}.Debug|Any CPU.Build.0 = Debug|Any CPU
		{0DBFB32A-E2B6-4035-97AD-7A89ABED03FF}.Release|Any CPU.ActiveCfg = Release|Any CPU
		{0DBFB32A-E2B6-4035-97AD-7A89ABED03FF}.Release|Any CPU.Build.0 = Release|Any CPU
	EndGlobalSection
	GlobalSection(SolutionProperties) = preSolution
		HideSolutionNode = FALSE
	EndGlobalSection
	GlobalSection(ExtensibilityGlobals) = postSolution
		SolutionGuid = {8B77A8C1-66F3-4E3F-B8A8-6C1CAE0D742C}
	EndGlobalSection
EndGlobal
